
Microsoft Visual Studio Solution File, Format Version 12.00
# Visual Studio 15
VisualStudioVersion = 15.0.28307.329
MinimumVisualStudioVersion = 10.0.40219.1
Project("{2150E333-8FDC-42A3-9474-1A3956D46DE8}") = "scripts", "scripts", "{9161B021-AC8B-491C-88FC-D6FBB99382B4}"
	ProjectSection(SolutionItems) = preProject
		scripts\build.definition.yml = scripts\build.definition.yml
		scripts\infra.definition.json = scripts\infra.definition.json
		scripts\infra.definition.params.json = scripts\infra.definition.params.json
	EndProjectSection
EndProject
Project("{2150E333-8FDC-42A3-9474-1A3956D46DE8}") = "src", "src", "{E55C69BF-6B06-4682-BB22-8371ED1071AB}"
EndProject
Project("{FAE04EC0-301F-11D3-BF4B-00C04F79EFBC}") = "ProjectPS.ServicePS.WebApplication", "src\ProjectPS.ServicePS.WebApplication\ProjectPS.ServicePS.WebApplication.csproj", "{5ED3C908-1269-49FE-B802-1963F09B11FD}"
EndProject
Global
	GlobalSection(SolutionConfigurationPlatforms) = preSolution
		Debug|Any CPU = Debug|Any CPU
		Release|Any CPU = Release|Any CPU
	EndGlobalSection
	GlobalSection(ProjectConfigurationPlatforms) = postSolution
		{5ED3C908-1269-49FE-B802-1963F09B11FD}.Debug|Any CPU.ActiveCfg = Debug|Any CPU
		{5ED3C908-1269-49FE-B802-1963F09B11FD}.Debug|Any CPU.Build.0 = Debug|Any CPU
		{5ED3C908-1269-49FE-B802-1963F09B11FD}.Release|Any CPU.ActiveCfg = Release|Any CPU
		{5ED3C908-1269-49FE-B802-1963F09B11FD}.Release|Any CPU.Build.0 = Release|Any CPU
	EndGlobalSection
	GlobalSection(SolutionProperties) = preSolution
		HideSolutionNode = FALSE
	EndGlobalSection
	GlobalSection(NestedProjects) = preSolution
		{5ED3C908-1269-49FE-B802-1963F09B11FD} = {E55C69BF-6B06-4682-BB22-8371ED1071AB}
	EndGlobalSection
	GlobalSection(ExtensibilityGlobals) = postSolution
		SolutionGuid = {F6F93626-C213-43A5-9F9A-782D80DD47A1}
	EndGlobalSection
EndGlobal
